
Microsoft Visual Studio Solution File, Format Version 12.00
# Visual Studio 2017
Project("{FAE04EC0-301F-11D3-BF4B-00C04F79EFBC}") = "Demo_Latest904_单机_完整可用", "Demo_Latest904_单机_完整可用.csproj", "{F2A6F52F-146A-6B50-3DC9-D928B76D930E}"
EndProject
Project("{FAE04EC0-301F-11D3-BF4B-00C04F79EFBC}") = "Demo_Latest904_单机_完整可用.Editor", "Demo_Latest904_单机_完整可用.Editor.csproj", "{75856462-D64A-1A4C-6859-471AD74C7279}"
EndProject
Global
	GlobalSection(SolutionConfigurationPlatforms) = preSolution
		Debug|Any CPU = Debug|Any CPU
		Release|Any CPU = Release|Any CPU
	EndGlobalSection
	GlobalSection(ProjectConfigurationPlatforms) = postSolution
		{F2A6F52F-146A-6B50-3DC9-D928B76D930E}.Debug|Any CPU.ActiveCfg = Debug|Any CPU
		{F2A6F52F-146A-6B50-3DC9-D928B76D930E}.Debug|Any CPU.Build.0 = Debug|Any CPU
		{F2A6F52F-146A-6B50-3DC9-D928B76D930E}.Release|Any CPU.ActiveCfg = Release|Any CPU
		{F2A6F52F-146A-6B50-3DC9-D928B76D930E}.Release|Any CPU.Build.0 = Release|Any CPU
		{75856462-D64A-1A4C-6859-471AD74C7279}.Debug|Any CPU.ActiveCfg = Debug|Any CPU
		{75856462-D64A-1A4C-6859-471AD74C7279}.Debug|Any CPU.Build.0 = Debug|Any CPU
		{75856462-D64A-1A4C-6859-471AD74C7279}.Release|Any CPU.ActiveCfg = Release|Any CPU
		{75856462-D64A-1A4C-6859-471AD74C7279}.Release|Any CPU.Build.0 = Release|Any CPU
	EndGlobalSection
	GlobalSection(SolutionProperties) = preSolution
		HideSolutionNode = FALSE
	EndGlobalSection
EndGlobal
