
Microsoft Visual Studio Solution File, Format Version 12.00
# Visual Studio 15
Project("{FAE04EC0-301F-11D3-BF4B-00C04F79EFBC}") = "Demo_Latest903", "Demo_Latest903.csproj", "{3DA0F3E6-B1C4-7D45-11E6-A4038C63E85D}"
EndProject
Project("{FAE04EC0-301F-11D3-BF4B-00C04F79EFBC}") = "Demo_Latest903.Editor", "Demo_Latest903.Editor.csproj", "{899F22A7-FE37-F9CF-E321-70E0A0BD8E01}"
EndProject
Global
	GlobalSection(SolutionConfigurationPlatforms) = preSolution
		Debug|Any CPU = Debug|Any CPU
		Release|Any CPU = Release|Any CPU
	EndGlobalSection
	GlobalSection(ProjectConfigurationPlatforms) = postSolution
		{3DA0F3E6-B1C4-7D45-11E6-A4038C63E85D}.Debug|Any CPU.ActiveCfg = Debug|Any CPU
		{3DA0F3E6-B1C4-7D45-11E6-A4038C63E85D}.Debug|Any CPU.Build.0 = Debug|Any CPU
		{3DA0F3E6-B1C4-7D45-11E6-A4038C63E85D}.Release|Any CPU.ActiveCfg = Release|Any CPU
		{3DA0F3E6-B1C4-7D45-11E6-A4038C63E85D}.Release|Any CPU.Build.0 = Release|Any CPU
		{899F22A7-FE37-F9CF-E321-70E0A0BD8E01}.Debug|Any CPU.ActiveCfg = Debug|Any CPU
		{899F22A7-FE37-F9CF-E321-70E0A0BD8E01}.Debug|Any CPU.Build.0 = Debug|Any CPU
		{899F22A7-FE37-F9CF-E321-70E0A0BD8E01}.Release|Any CPU.ActiveCfg = Release|Any CPU
		{899F22A7-FE37-F9CF-E321-70E0A0BD8E01}.Release|Any CPU.Build.0 = Release|Any CPU
	EndGlobalSection
	GlobalSection(SolutionProperties) = preSolution
		HideSolutionNode = FALSE
	EndGlobalSection
EndGlobal
