
Microsoft Visual Studio Solution File, Format Version 12.00
# Visual Studio 15
Project("{FAE04EC0-301F-11D3-BF4B-00C04F79EFBC}") = "Demo_Latest904", "Demo_Latest904.csproj", "{69FB48D5-273D-C675-7E1E-EA028BF02608}"
EndProject
Project("{FAE04EC0-301F-11D3-BF4B-00C04F79EFBC}") = "Demo_Latest904.Editor", "Demo_Latest904.Editor.csproj", "{00FC2016-266F-1478-A8DE-414933CAFDF8}"
EndProject
Global
	GlobalSection(SolutionConfigurationPlatforms) = preSolution
		Debug|Any CPU = Debug|Any CPU
		Release|Any CPU = Release|Any CPU
	EndGlobalSection
	GlobalSection(ProjectConfigurationPlatforms) = postSolution
		{69FB48D5-273D-C675-7E1E-EA028BF02608}.Debug|Any CPU.ActiveCfg = Debug|Any CPU
		{69FB48D5-273D-C675-7E1E-EA028BF02608}.Debug|Any CPU.Build.0 = Debug|Any CPU
		{69FB48D5-273D-C675-7E1E-EA028BF02608}.Release|Any CPU.ActiveCfg = Release|Any CPU
		{69FB48D5-273D-C675-7E1E-EA028BF02608}.Release|Any CPU.Build.0 = Release|Any CPU
		{00FC2016-266F-1478-A8DE-414933CAFDF8}.Debug|Any CPU.ActiveCfg = Debug|Any CPU
		{00FC2016-266F-1478-A8DE-414933CAFDF8}.Debug|Any CPU.Build.0 = Debug|Any CPU
		{00FC2016-266F-1478-A8DE-414933CAFDF8}.Release|Any CPU.ActiveCfg = Release|Any CPU
		{00FC2016-266F-1478-A8DE-414933CAFDF8}.Release|Any CPU.Build.0 = Release|Any CPU
	EndGlobalSection
	GlobalSection(SolutionProperties) = preSolution
		HideSolutionNode = FALSE
	EndGlobalSection
EndGlobal
